
Microsoft Visual Studio Solution File, Format Version 12.00
# Visual Studio Version 17
VisualStudioVersion = 17.9.34714.143
MinimumVisualStudioVersion = 10.0.40219.1
Project("{FAE04EC0-301F-11D3-BF4B-00C04F79EFBC}") = "Server", "Server\Server.csproj", "{A9997609-6C26-487B-8E9A-DC49A165C6F7}"
EndProject
Global
	GlobalSection(SolutionProperties) = preSolution
		HideSolutionNode = FALSE
	EndGlobalSection
	GlobalSection(ExtensibilityGlobals) = postSolution
		SolutionGuid = {EBBC2CE9-D9C8-44FB-8CC2-C079AA581511}
	EndGlobalSection
	GlobalSection(SolutionConfigurationPlatforms) = preSolution
		Debug|Any CPU = Debug|Any CPU
		Debug|x64 = Debug|x64
		Debug|x86 = Debug|x86
		Release|Any CPU = Release|Any CPU
		Release|x64 = Release|x64
		Release|x86 = Release|x86
	EndGlobalSection
	GlobalSection(ProjectConfigurationPlatforms) = postSolution
		{A9997609-6C26-487B-8E9A-DC49A165C6F7}.Debug|Any CPU.ActiveCfg = Debug|Any CPU
		{A9997609-6C26-487B-8E9A-DC49A165C6F7}.Debug|Any CPU.Build.0 = Debug|Any CPU
		{A9997609-6C26-487B-8E9A-DC49A165C6F7}.Debug|x64.ActiveCfg = Debug|Any CPU
		{A9997609-6C26-487B-8E9A-DC49A165C6F7}.Debug|x64.Build.0 = Debug|Any CPU
		{A9997609-6C26-487B-8E9A-DC49A165C6F7}.Debug|x86.ActiveCfg = Debug|Any CPU
		{A9997609-6C26-487B-8E9A-DC49A165C6F7}.Debug|x86.Build.0 = Debug|Any CPU
		{A9997609-6C26-487B-8E9A-DC49A165C6F7}.Release|Any CPU.ActiveCfg = Release|Any CPU
		{A9997609-6C26-487B-8E9A-DC49A165C6F7}.Release|Any CPU.Build.0 = Release|Any CPU
		{A9997609-6C26-487B-8E9A-DC49A165C6F7}.Release|x64.ActiveCfg = Release|Any CPU
		{A9997609-6C26-487B-8E9A-DC49A165C6F7}.Release|x64.Build.0 = Release|Any CPU
		{A9997609-6C26-487B-8E9A-DC49A165C6F7}.Release|x86.ActiveCfg = Release|Any CPU
		{A9997609-6C26-487B-8E9A-DC49A165C6F7}.Release|x86.Build.0 = Release|Any CPU
	EndGlobalSection
EndGlobal
